// !$*UTF8*$!
{
	archiveVersion = 1;
	classes = {
	};
	objectVersion = 55;
	objects = {

/* Begin PBXBuildFile section */
		7963EB8B274E57CC005D544D /* CryptoAppApp.swift in Sources */ = {isa = PBXBuildFile; fileRef = 7963EB8A274E57CC005D544D /* CryptoAppApp.swift */; };
		7963EB8D274E57CC005D544D /* ContentView.swift in Sources */ = {isa = PBXBuildFile; fileRef = 7963EB8C274E57CC005D544D /* ContentView.swift */; };
		7963EB92274E57CF005D544D /* Preview Assets.xcassets in Resources */ = {isa = PBXBuildFile; fileRef = 7963EB91274E57CF005D544D /* Preview Assets.xcassets */; };
		7963EB99274E58C7005D544D /* Assets.xcassets in Resources */ = {isa = PBXBuildFile; fileRef = 7963EB98274E58C7005D544D /* Assets.xcassets */; };
		7963EBA6274E5C7F005D544D /* String.swift in Sources */ = {isa = PBXBuildFile; fileRef = 7963EBA0274E5C7F005D544D /* String.swift */; };
		7963EBA7274E5C7F005D544D /* Color.swift in Sources */ = {isa = PBXBuildFile; fileRef = 7963EBA1274E5C7F005D544D /* Color.swift */; };
		7963EBA8274E5C7F005D544D /* Date.swift in Sources */ = {isa = PBXBuildFile; fileRef = 7963EBA2274E5C7F005D544D /* Date.swift */; };
		7963EBA9274E5C7F005D544D /* UIApplication.swift in Sources */ = {isa = PBXBuildFile; fileRef = 7963EBA3274E5C7F005D544D /* UIApplication.swift */; };
		7963EBAA274E5C7F005D544D /* Double.swift in Sources */ = {isa = PBXBuildFile; fileRef = 7963EBA4274E5C7F005D544D /* Double.swift */; };
		7963EBAB274E5C7F005D544D /* PreviewProvider.swift in Sources */ = {isa = PBXBuildFile; fileRef = 7963EBA5274E5C7F005D544D /* PreviewProvider.swift */; };
		7963EBB1274E5D16005D544D /* HomeView.swift in Sources */ = {isa = PBXBuildFile; fileRef = 7963EBB0274E5D16005D544D /* HomeView.swift */; };
		7963EBB5274E5EA5005D544D /* CircleButtonView.swift in Sources */ = {isa = PBXBuildFile; fileRef = 7963EBB4274E5EA5005D544D /* CircleButtonView.swift */; };
		7963EBB7274E6325005D544D /* CircleButtonAnimationView.swift in Sources */ = {isa = PBXBuildFile; fileRef = 7963EBB6274E6325005D544D /* CircleButtonAnimationView.swift */; };
		7963EBBA274E6B42005D544D /* CoinModel.swift in Sources */ = {isa = PBXBuildFile; fileRef = 7963EBB9274E6B42005D544D /* CoinModel.swift */; };
/* End PBXBuildFile section */

/* Begin PBXFileReference section */
		7963EB87274E57CC005D544D /* Crypto Tracker.app */ = {isa = PBXFileReference; explicitFileType = wrapper.application; includeInIndex = 0; path = "Crypto Tracker.app"; sourceTree = BUILT_PRODUCTS_DIR; };
		7963EB8A274E57CC005D544D /* CryptoAppApp.swift */ = {isa = PBXFileReference; lastKnownFileType = sourcecode.swift; path = CryptoAppApp.swift; sourceTree = "<group>"; };
		7963EB8C274E57CC005D544D /* ContentView.swift */ = {isa = PBXFileReference; lastKnownFileType = sourcecode.swift; path = ContentView.swift; sourceTree = "<group>"; };
		7963EB91274E57CF005D544D /* Preview Assets.xcassets */ = {isa = PBXFileReference; lastKnownFileType = folder.assetcatalog; path = "Preview Assets.xcassets"; sourceTree = "<group>"; };
		7963EB98274E58C7005D544D /* Assets.xcassets */ = {isa = PBXFileReference; lastKnownFileType = folder.assetcatalog; name = Assets.xcassets; path = ../../../../../Downloads/Resources/Assets.xcassets; sourceTree = "<group>"; };
		7963EBA0274E5C7F005D544D /* String.swift */ = {isa = PBXFileReference; fileEncoding = 4; lastKnownFileType = sourcecode.swift; path = String.swift; sourceTree = "<group>"; };
		7963EBA1274E5C7F005D544D /* Color.swift */ = {isa = PBXFileReference; fileEncoding = 4; lastKnownFileType = sourcecode.swift; path = Color.swift; sourceTree = "<group>"; };
		7963EBA2274E5C7F005D544D /* Date.swift */ = {isa = PBXFileReference; fileEncoding = 4; lastKnownFileType = sourcecode.swift; path = Date.swift; sourceTree = "<group>"; };
		7963EBA3274E5C7F005D544D /* UIApplication.swift */ = {isa = PBXFileReference; fileEncoding = 4; lastKnownFileType = sourcecode.swift; path = UIApplication.swift; sourceTree = "<group>"; };
		7963EBA4274E5C7F005D544D /* Double.swift */ = {isa = PBXFileReference; fileEncoding = 4; lastKnownFileType = sourcecode.swift; path = Double.swift; sourceTree = "<group>"; };
		7963EBA5274E5C7F005D544D /* PreviewProvider.swift */ = {isa = PBXFileReference; fileEncoding = 4; lastKnownFileType = sourcecode.swift; path = PreviewProvider.swift; sourceTree = "<group>"; };
		7963EBB0274E5D16005D544D /* HomeView.swift */ = {isa = PBXFileReference; lastKnownFileType = sourcecode.swift; path = HomeView.swift; sourceTree = "<group>"; };
		7963EBB4274E5EA5005D544D /* CircleButtonView.swift */ = {isa = PBXFileReference; lastKnownFileType = sourcecode.swift; path = CircleButtonView.swift; sourceTree = "<group>"; };
		7963EBB6274E6325005D544D /* CircleButtonAnimationView.swift */ = {isa = PBXFileReference; lastKnownFileType = sourcecode.swift; path = CircleButtonAnimationView.swift; sourceTree = "<group>"; };
		7963EBB9274E6B42005D544D /* CoinModel.swift */ = {isa = PBXFileReference; lastKnownFileType = sourcecode.swift; path = CoinModel.swift; sourceTree = "<group>"; };
/* End PBXFileReference section */

/* Begin PBXFrameworksBuildPhase section */
		7963EB84274E57CC005D544D /* Frameworks */ = {
			isa = PBXFrameworksBuildPhase;
			buildActionMask = 2147483647;
			files = (
			);
			runOnlyForDeploymentPostprocessing = 0;
		};
/* End PBXFrameworksBuildPhase section */

/* Begin PBXGroup section */
		7963EB7E274E57CC005D544D = {
			isa = PBXGroup;
			children = (
				7963EB89274E57CC005D544D /* CryptoApp */,
				7963EB88274E57CC005D544D /* Products */,
			);
			sourceTree = "<group>";
		};
		7963EB88274E57CC005D544D /* Products */ = {
			isa = PBXGroup;
			children = (
				7963EB87274E57CC005D544D /* Crypto Tracker.app */,
			);
			name = Products;
			sourceTree = "<group>";
		};
		7963EB89274E57CC005D544D /* CryptoApp */ = {
			isa = PBXGroup;
			children = (
				7963EB9F274E5C4C005D544D /* Extensions */,
				7963EBB8274E681E005D544D /* Models */,
				7963EBAC274E5CE0005D544D /* Core */,
				7963EB8A274E57CC005D544D /* CryptoAppApp.swift */,
				7963EB8C274E57CC005D544D /* ContentView.swift */,
				7963EB98274E58C7005D544D /* Assets.xcassets */,
				7963EB90274E57CF005D544D /* Preview Content */,
			);
			path = CryptoApp;
			sourceTree = "<group>";
		};
		7963EB90274E57CF005D544D /* Preview Content */ = {
			isa = PBXGroup;
			children = (
				7963EB91274E57CF005D544D /* Preview Assets.xcassets */,
			);
			path = "Preview Content";
			sourceTree = "<group>";
		};
		7963EB9F274E5C4C005D544D /* Extensions */ = {
			isa = PBXGroup;
			children = (
				7963EBA1274E5C7F005D544D /* Color.swift */,
				7963EBA2274E5C7F005D544D /* Date.swift */,
				7963EBA4274E5C7F005D544D /* Double.swift */,
				7963EBA5274E5C7F005D544D /* PreviewProvider.swift */,
				7963EBA0274E5C7F005D544D /* String.swift */,
				7963EBA3274E5C7F005D544D /* UIApplication.swift */,
			);
			path = Extensions;
			sourceTree = "<group>";
		};
		7963EBAC274E5CE0005D544D /* Core */ = {
			isa = PBXGroup;
			children = (
				7963EBB2274E5E6C005D544D /* Components */,
				7963EBAD274E5CEB005D544D /* Home */,
			);
			path = Core;
			sourceTree = "<group>";
		};
		7963EBAD274E5CEB005D544D /* Home */ = {
			isa = PBXGroup;
			children = (
				7963EBAF274E5D02005D544D /* ViewModels */,
				7963EBAE274E5CF7005D544D /* Views */,
			);
			path = Home;
			sourceTree = "<group>";
		};
		7963EBAE274E5CF7005D544D /* Views */ = {
			isa = PBXGroup;
			children = (
				7963EBB0274E5D16005D544D /* HomeView.swift */,
			);
			path = Views;
			sourceTree = "<group>";
		};
		7963EBAF274E5D02005D544D /* ViewModels */ = {
			isa = PBXGroup;
			children = (
			);
			path = ViewModels;
			sourceTree = "<group>";
		};
		7963EBB2274E5E6C005D544D /* Components */ = {
			isa = PBXGroup;
			children = (
				7963EBB3274E5E88005D544D /* CircleButton */,
			);
			path = Components;
			sourceTree = "<group>";
		};
		7963EBB3274E5E88005D544D /* CircleButton */ = {
			isa = PBXGroup;
			children = (
				7963EBB4274E5EA5005D544D /* CircleButtonView.swift */,
				7963EBB6274E6325005D544D /* CircleButtonAnimationView.swift */,
			);
			path = CircleButton;
			sourceTree = "<group>";
		};
		7963EBB8274E681E005D544D /* Models */ = {
			isa = PBXGroup;
			children = (
				7963EBB9274E6B42005D544D /* CoinModel.swift */,
			);
			path = Models;
			sourceTree = "<group>";
		};
/* End PBXGroup section */

/* Begin PBXNativeTarget section */
		7963EB86274E57CC005D544D /* CryptoApp */ = {
			isa = PBXNativeTarget;
			buildConfigurationList = 7963EB95274E57CF005D544D /* Build configuration list for PBXNativeTarget "CryptoApp" */;
			buildPhases = (
				7963EB83274E57CC005D544D /* Sources */,
				7963EB84274E57CC005D544D /* Frameworks */,
				7963EB85274E57CC005D544D /* Resources */,
			);
			buildRules = (
			);
			dependencies = (
			);
			name = CryptoApp;
			productName = CryptoApp;
			productReference = 7963EB87274E57CC005D544D /* Crypto Tracker.app */;
			productType = "com.apple.product-type.application";
		};
/* End PBXNativeTarget section */

/* Begin PBXProject section */
		7963EB7F274E57CC005D544D /* Project object */ = {
			isa = PBXProject;
			attributes = {
				BuildIndependentTargetsInParallel = 1;
				LastSwiftUpdateCheck = 1310;
				LastUpgradeCheck = 1310;
				TargetAttributes = {
					7963EB86274E57CC005D544D = {
						CreatedOnToolsVersion = 13.1;
					};
				};
			};
			buildConfigurationList = 7963EB82274E57CC005D544D /* Build configuration list for PBXProject "CryptoApp" */;
			compatibilityVersion = "Xcode 13.0";
			developmentRegion = en;
			hasScannedForEncodings = 0;
			knownRegions = (
				en,
				Base,
			);
			mainGroup = 7963EB7E274E57CC005D544D;
			productRefGroup = 7963EB88274E57CC005D544D /* Products */;
			projectDirPath = "";
			projectRoot = "";
			targets = (
				7963EB86274E57CC005D544D /* CryptoApp */,
			);
		};
/* End PBXProject section */

/* Begin PBXResourcesBuildPhase section */
		7963EB85274E57CC005D544D /* Resources */ = {
			isa = PBXResourcesBuildPhase;
			buildActionMask = 2147483647;
			files = (
				7963EB92274E57CF005D544D /* Preview Assets.xcassets in Resources */,
				7963EB99274E58C7005D544D /* Assets.xcassets in Resources */,
			);
			runOnlyForDeploymentPostprocessing = 0;
		};
/* End PBXResourcesBuildPhase section */

/* Begin PBXSourcesBuildPhase section */
		7963EB83274E57CC005D544D /* Sources */ = {
			isa = PBXSourcesBuildPhase;
			buildActionMask = 2147483647;
			files = (
				7963EBB1274E5D16005D544D /* HomeView.swift in Sources */,
				7963EBB7274E6325005D544D /* CircleButtonAnimationView.swift in Sources */,
				7963EBA9274E5C7F005D544D /* UIApplication.swift in Sources */,
				7963EBA6274E5C7F005D544D /* String.swift in Sources */,
				7963EBBA274E6B42005D544D /* CoinModel.swift in Sources */,
				7963EBA8274E5C7F005D544D /* Date.swift in Sources */,
				7963EBA7274E5C7F005D544D /* Color.swift in Sources */,
				7963EB8D274E57CC005D544D /* ContentView.swift in Sources */,
				7963EBAB274E5C7F005D544D /* PreviewProvider.swift in Sources */,
				7963EB8B274E57CC005D544D /* CryptoAppApp.swift in Sources */,
				7963EBB5274E5EA5005D544D /* CircleButtonView.swift in Sources */,
				7963EBAA274E5C7F005D544D /* Double.swift in Sources */,
			);
			runOnlyForDeploymentPostprocessing = 0;
		};
/* End PBXSourcesBuildPhase section */

/* Begin XCBuildConfiguration section */
		7963EB93274E57CF005D544D /* Debug */ = {
			isa = XCBuildConfiguration;
			buildSettings = {
				ALWAYS_SEARCH_USER_PATHS = NO;
				CLANG_ANALYZER_NONNULL = YES;
				CLANG_ANALYZER_NUMBER_OBJECT_CONVERSION = YES_AGGRESSIVE;
				CLANG_CXX_LANGUAGE_STANDARD = "gnu++17";
				CLANG_CXX_LIBRARY = "libc++";
				CLANG_ENABLE_MODULES = YES;
				CLANG_ENABLE_OBJC_ARC = YES;
				CLANG_ENABLE_OBJC_WEAK = YES;
				CLANG_WARN_BLOCK_CAPTURE_AUTORELEASING = YES;
				CLANG_WARN_BOOL_CONVERSION = YES;
				CLANG_WARN_COMMA = YES;
				CLANG_WARN_CONSTANT_CONVERSION = YES;
				CLANG_WARN_DEPRECATED_OBJC_IMPLEMENTATIONS = YES;
				CLANG_WARN_DIRECT_OBJC_ISA_USAGE = YES_ERROR;
				CLANG_WARN_DOCUMENTATION_COMMENTS = YES;
				CLANG_WARN_EMPTY_BODY = YES;
				CLANG_WARN_ENUM_CONVERSION = YES;
				CLANG_WARN_INFINITE_RECURSION = YES;
				CLANG_WARN_INT_CONVERSION = YES;
				CLANG_WARN_NON_LITERAL_NULL_CONVERSION = YES;
				CLANG_WARN_OBJC_IMPLICIT_RETAIN_SELF = YES;
				CLANG_WARN_OBJC_LITERAL_CONVERSION = YES;
				CLANG_WARN_OBJC_ROOT_CLASS = YES_ERROR;
				CLANG_WARN_QUOTED_INCLUDE_IN_FRAMEWORK_HEADER = YES;
				CLANG_WARN_RANGE_LOOP_ANALYSIS = YES;
				CLANG_WARN_STRICT_PROTOTYPES = YES;
				CLANG_WARN_SUSPICIOUS_MOVE = YES;
				CLANG_WARN_UNGUARDED_AVAILABILITY = YES_AGGRESSIVE;
				CLANG_WARN_UNREACHABLE_CODE = YES;
				CLANG_WARN__DUPLICATE_METHOD_MATCH = YES;
				COPY_PHASE_STRIP = NO;
				DEBUG_INFORMATION_FORMAT = dwarf;
				ENABLE_STRICT_OBJC_MSGSEND = YES;
				ENABLE_TESTABILITY = YES;
				GCC_C_LANGUAGE_STANDARD = gnu11;
				GCC_DYNAMIC_NO_PIC = NO;
				GCC_NO_COMMON_BLOCKS = YES;
				GCC_OPTIMIZATION_LEVEL = 0;
				GCC_PREPROCESSOR_DEFINITIONS = (
					"DEBUG=1",
					"$(inherited)",
				);
				GCC_WARN_64_TO_32_BIT_CONVERSION = YES;
				GCC_WARN_ABOUT_RETURN_TYPE = YES_ERROR;
				GCC_WARN_UNDECLARED_SELECTOR = YES;
				GCC_WARN_UNINITIALIZED_AUTOS = YES_AGGRESSIVE;
				GCC_WARN_UNUSED_FUNCTION = YES;
				GCC_WARN_UNUSED_VARIABLE = YES;
				IPHONEOS_DEPLOYMENT_TARGET = 15.0;
				MTL_ENABLE_DEBUG_INFO = INCLUDE_SOURCE;
				MTL_FAST_MATH = YES;
				ONLY_ACTIVE_ARCH = YES;
				SDKROOT = iphoneos;
				SWIFT_ACTIVE_COMPILATION_CONDITIONS = DEBUG;
				SWIFT_OPTIMIZATION_LEVEL = "-Onone";
			};
			name = Debug;
		};
		7963EB94274E57CF005D544D /* Release */ = {
			isa = XCBuildConfiguration;
			buildSettings = {
				ALWAYS_SEARCH_USER_PATHS = NO;
				CLANG_ANALYZER_NONNULL = YES;
				CLANG_ANALYZER_NUMBER_OBJECT_CONVERSION = YES_AGGRESSIVE;
				CLANG_CXX_LANGUAGE_STANDARD = "gnu++17";
				CLANG_CXX_LIBRARY = "libc++";
				CLANG_ENABLE_MODULES = YES;
				CLANG_ENABLE_OBJC_ARC = YES;
				CLANG_ENABLE_OBJC_WEAK = YES;
				CLANG_WARN_BLOCK_CAPTURE_AUTORELEASING = YES;
				CLANG_WARN_BOOL_CONVERSION = YES;
				CLANG_WARN_COMMA = YES;
				CLANG_WARN_CONSTANT_CONVERSION = YES;
				CLANG_WARN_DEPRECATED_OBJC_IMPLEMENTATIONS = YES;
				CLANG_WARN_DIRECT_OBJC_ISA_USAGE = YES_ERROR;
				CLANG_WARN_DOCUMENTATION_COMMENTS = YES;
				CLANG_WARN_EMPTY_BODY = YES;
				CLANG_WARN_ENUM_CONVERSION = YES;
				CLANG_WARN_INFINITE_RECURSION = YES;
				CLANG_WARN_INT_CONVERSION = YES;
				CLANG_WARN_NON_LITERAL_NULL_CONVERSION = YES;
				CLANG_WARN_OBJC_IMPLICIT_RETAIN_SELF = YES;
				CLANG_WARN_OBJC_LITERAL_CONVERSION = YES;
				CLANG_WARN_OBJC_ROOT_CLASS = YES_ERROR;
				CLANG_WARN_QUOTED_INCLUDE_IN_FRAMEWORK_HEADER = YES;
				CLANG_WARN_RANGE_LOOP_ANALYSIS = YES;
				CLANG_WARN_STRICT_PROTOTYPES = YES;
				CLANG_WARN_SUSPICIOUS_MOVE = YES;
				CLANG_WARN_UNGUARDED_AVAILABILITY = YES_AGGRESSIVE;
				CLANG_WARN_UNREACHABLE_CODE = YES;
				CLANG_WARN__DUPLICATE_METHOD_MATCH = YES;
				COPY_PHASE_STRIP = NO;
				DEBUG_INFORMATION_FORMAT = "dwarf-with-dsym";
				ENABLE_NS_ASSERTIONS = NO;
				ENABLE_STRICT_OBJC_MSGSEND = YES;
				GCC_C_LANGUAGE_STANDARD = gnu11;
				GCC_NO_COMMON_BLOCKS = YES;
				GCC_WARN_64_TO_32_BIT_CONVERSION = YES;
				GCC_WARN_ABOUT_RETURN_TYPE = YES_ERROR;
				GCC_WARN_UNDECLARED_SELECTOR = YES;
				GCC_WARN_UNINITIALIZED_AUTOS = YES_AGGRESSIVE;
				GCC_WARN_UNUSED_FUNCTION = YES;
				GCC_WARN_UNUSED_VARIABLE = YES;
				IPHONEOS_DEPLOYMENT_TARGET = 15.0;
				MTL_ENABLE_DEBUG_INFO = NO;
				MTL_FAST_MATH = YES;
				SDKROOT = iphoneos;
				SWIFT_COMPILATION_MODE = wholemodule;
				SWIFT_OPTIMIZATION_LEVEL = "-O";
				VALIDATE_PRODUCT = YES;
			};
			name = Release;
		};
		7963EB96274E57CF005D544D /* Debug */ = {
			isa = XCBuildConfiguration;
			buildSettings = {
				ASSETCATALOG_COMPILER_APPICON_NAME = AppIcon;
				ASSETCATALOG_COMPILER_GLOBAL_ACCENT_COLOR_NAME = AccentColor;
				CODE_SIGN_STYLE = Automatic;
				CURRENT_PROJECT_VERSION = 1;
				DEVELOPMENT_ASSET_PATHS = "\"CryptoApp/Preview Content\"";
				DEVELOPMENT_TEAM = Z87X694MAK;
				ENABLE_PREVIEWS = YES;
				GENERATE_INFOPLIST_FILE = YES;
				INFOPLIST_KEY_UIApplicationSceneManifest_Generation = YES;
				INFOPLIST_KEY_UIApplicationSupportsIndirectInputEvents = YES;
				INFOPLIST_KEY_UILaunchScreen_Generation = YES;
				INFOPLIST_KEY_UISupportedInterfaceOrientations = UIInterfaceOrientationPortrait;
				INFOPLIST_KEY_UISupportedInterfaceOrientations_iPad = "UIInterfaceOrientationPortrait UIInterfaceOrientationPortraitUpsideDown UIInterfaceOrientationLandscapeLeft UIInterfaceOrientationLandscapeRight";
				INFOPLIST_KEY_UISupportedInterfaceOrientations_iPhone = "UIInterfaceOrientationPortrait UIInterfaceOrientationLandscapeLeft UIInterfaceOrientationLandscapeRight";
				LD_RUNPATH_SEARCH_PATHS = (
					"$(inherited)",
					"@executable_path/Frameworks",
				);
				MARKETING_VERSION = 1.0;
				PRODUCT_BUNDLE_IDENTIFIER = com.nto.CryptoApp;
				PRODUCT_NAME = "Crypto Tracker";
				SWIFT_EMIT_LOC_STRINGS = YES;
				SWIFT_VERSION = 5.0;
				TARGETED_DEVICE_FAMILY = "1,2";
			};
			name = Debug;
		};
		7963EB97274E57CF005D544D /* Release */ = {
			isa = XCBuildConfiguration;
			buildSettings = {
				ASSETCATALOG_COMPILER_APPICON_NAME = AppIcon;
				ASSETCATALOG_COMPILER_GLOBAL_ACCENT_COLOR_NAME = AccentColor;
				CODE_SIGN_STYLE = Automatic;
				CURRENT_PROJECT_VERSION = 1;
				DEVELOPMENT_ASSET_PATHS = "\"CryptoApp/Preview Content\"";
				DEVELOPMENT_TEAM = Z87X694MAK;
				ENABLE_PREVIEWS = YES;
				GENERATE_INFOPLIST_FILE = YES;
				INFOPLIST_KEY_UIApplicationSceneManifest_Generation = YES;
				INFOPLIST_KEY_UIApplicationSupportsIndirectInputEvents = YES;
				INFOPLIST_KEY_UILaunchScreen_Generation = YES;
				INFOPLIST_KEY_UISupportedInterfaceOrientations = UIInterfaceOrientationPortrait;
				INFOPLIST_KEY_UISupportedInterfaceOrientations_iPad = "UIInterfaceOrientationPortrait UIInterfaceOrientationPortraitUpsideDown UIInterfaceOrientationLandscapeLeft UIInterfaceOrientationLandscapeRight";
				INFOPLIST_KEY_UISupportedInterfaceOrientations_iPhone = "UIInterfaceOrientationPortrait UIInterfaceOrientationLandscapeLeft UIInterfaceOrientationLandscapeRight";
				LD_RUNPATH_SEARCH_PATHS = (
					"$(inherited)",
					"@executable_path/Frameworks",
				);
				MARKETING_VERSION = 1.0;
				PRODUCT_BUNDLE_IDENTIFIER = com.nto.CryptoApp;
				PRODUCT_NAME = "Crypto Tracker";
				SWIFT_EMIT_LOC_STRINGS = YES;
				SWIFT_VERSION = 5.0;
				TARGETED_DEVICE_FAMILY = "1,2";
			};
			name = Release;
		};
/* End XCBuildConfiguration section */

/* Begin XCConfigurationList section */
		7963EB82274E57CC005D544D /* Build configuration list for PBXProject "CryptoApp" */ = {
			isa = XCConfigurationList;
			buildConfigurations = (
				7963EB93274E57CF005D544D /* Debug */,
				7963EB94274E57CF005D544D /* Release */,
			);
			defaultConfigurationIsVisible = 0;
			defaultConfigurationName = Release;
		};
		7963EB95274E57CF005D544D /* Build configuration list for PBXNativeTarget "CryptoApp" */ = {
			isa = XCConfigurationList;
			buildConfigurations = (
				7963EB96274E57CF005D544D /* Debug */,
				7963EB97274E57CF005D544D /* Release */,
			);
			defaultConfigurationIsVisible = 0;
			defaultConfigurationName = Release;
		};
/* End XCConfigurationList section */
	};
	rootObject = 7963EB7F274E57CC005D544D /* Project object */;
}
